
Microsoft Visual Studio Solution File, Format Version 12.00
# Visual Studio Version 17
VisualStudioVersion = 17.8.34330.188
MinimumVisualStudioVersion = 10.0.40219.1
Project("{9A19103F-16F7-4668-BE54-9A1E7A4F7556}") = "ConsoleUI", "MyBudgetter Prototype\ConsoleUI.csproj", "{FE3EFAE3-8D26-4A77-A1BA-B4480718F632}"
	ProjectSection(ProjectDependencies) = postProject
		{51A4DB52-CD8E-48DD-A7CA-C2AA06310095} = {51A4DB52-CD8E-48DD-A7CA-C2AA06310095}
		{7BD88A92-4065-4B27-A7C5-6E822AF6F1BA} = {7BD88A92-4065-4B27-A7C5-6E822AF6F1BA}
	EndProjectSection
EndProject
Project("{9A19103F-16F7-4668-BE54-9A1E7A4F7556}") = "Core", "Core\Core.csproj", "{7BD88A92-4065-4B27-A7C5-6E822AF6F1BA}"
EndProject
Project("{FAE04EC0-301F-11D3-BF4B-00C04F79EFBC}") = "Spreadsheet", "Spreadsheet\Spreadsheet.csproj", "{51A4DB52-CD8E-48DD-A7CA-C2AA06310095}"
	ProjectSection(ProjectDependencies) = postProject
		{7BD88A92-4065-4B27-A7C5-6E822AF6F1BA} = {7BD88A92-4065-4B27-A7C5-6E822AF6F1BA}
	EndProjectSection
EndProject
Global
	GlobalSection(SolutionConfigurationPlatforms) = preSolution
		Debug|Any CPU = Debug|Any CPU
		Release|Any CPU = Release|Any CPU
	EndGlobalSection
	GlobalSection(ProjectConfigurationPlatforms) = postSolution
		{FE3EFAE3-8D26-4A77-A1BA-B4480718F632}.Debug|Any CPU.ActiveCfg = Debug|Any CPU
		{FE3EFAE3-8D26-4A77-A1BA-B4480718F632}.Debug|Any CPU.Build.0 = Debug|Any CPU
		{FE3EFAE3-8D26-4A77-A1BA-B4480718F632}.Release|Any CPU.ActiveCfg = Release|Any CPU
		{FE3EFAE3-8D26-4A77-A1BA-B4480718F632}.Release|Any CPU.Build.0 = Release|Any CPU
		{7BD88A92-4065-4B27-A7C5-6E822AF6F1BA}.Debug|Any CPU.ActiveCfg = Debug|Any CPU
		{7BD88A92-4065-4B27-A7C5-6E822AF6F1BA}.Debug|Any CPU.Build.0 = Debug|Any CPU
		{7BD88A92-4065-4B27-A7C5-6E822AF6F1BA}.Release|Any CPU.ActiveCfg = Release|Any CPU
		{7BD88A92-4065-4B27-A7C5-6E822AF6F1BA}.Release|Any CPU.Build.0 = Release|Any CPU
		{51A4DB52-CD8E-48DD-A7CA-C2AA06310095}.Debug|Any CPU.ActiveCfg = Debug|Any CPU
		{51A4DB52-CD8E-48DD-A7CA-C2AA06310095}.Debug|Any CPU.Build.0 = Debug|Any CPU
		{51A4DB52-CD8E-48DD-A7CA-C2AA06310095}.Release|Any CPU.ActiveCfg = Release|Any CPU
		{51A4DB52-CD8E-48DD-A7CA-C2AA06310095}.Release|Any CPU.Build.0 = Release|Any CPU
	EndGlobalSection
	GlobalSection(SolutionProperties) = preSolution
		HideSolutionNode = FALSE
	EndGlobalSection
	GlobalSection(ExtensibilityGlobals) = postSolution
		SolutionGuid = {BE04A171-E47C-4985-B113-E1C1E57704FA}
	EndGlobalSection
EndGlobal
